// !$*UTF8*$!
{
	archiveVersion = 1;
	classes = {
	};
	objectVersion = 55;
	objects = {

/* Begin PBXBuildFile section */
		2F1692FE28EEC49600F93A3B /* WordFinderController.swift in Sources */ = {isa = PBXBuildFile; fileRef = 2F1692FD28EEC49600F93A3B /* WordFinderController.swift */; };
		2F53E85628E742990038C064 /* AppDelegate.swift in Sources */ = {isa = PBXBuildFile; fileRef = 2F53E85528E742990038C064 /* AppDelegate.swift */; };
		2F53E85828E742990038C064 /* SceneDelegate.swift in Sources */ = {isa = PBXBuildFile; fileRef = 2F53E85728E742990038C064 /* SceneDelegate.swift */; };
		2F53E85A28E742990038C064 /* ViewController.swift in Sources */ = {isa = PBXBuildFile; fileRef = 2F53E85928E742990038C064 /* ViewController.swift */; };
		2F53E85D28E742990038C064 /* Main.storyboard in Resources */ = {isa = PBXBuildFile; fileRef = 2F53E85B28E742990038C064 /* Main.storyboard */; };
		2F53E85F28E7429C0038C064 /* Assets.xcassets in Resources */ = {isa = PBXBuildFile; fileRef = 2F53E85E28E7429C0038C064 /* Assets.xcassets */; };
		2F53E86228E7429C0038C064 /* LaunchScreen.storyboard in Resources */ = {isa = PBXBuildFile; fileRef = 2F53E86028E7429C0038C064 /* LaunchScreen.storyboard */; };
		2F53E86D28E7429C0038C064 /* LePetitRobertUrbanTests.swift in Sources */ = {isa = PBXBuildFile; fileRef = 2F53E86C28E7429C0038C064 /* LePetitRobertUrbanTests.swift */; };
		2F53E87728E7429C0038C064 /* LePetitRobertUrbanUITests.swift in Sources */ = {isa = PBXBuildFile; fileRef = 2F53E87628E7429C0038C064 /* LePetitRobertUrbanUITests.swift */; };
		2F53E87928E7429C0038C064 /* LePetitRobertUrbanUITestsLaunchTests.swift in Sources */ = {isa = PBXBuildFile; fileRef = 2F53E87828E7429C0038C064 /* LePetitRobertUrbanUITestsLaunchTests.swift */; };
		2F53E89028E817FD0038C064 /* MenuController.swift in Sources */ = {isa = PBXBuildFile; fileRef = 2F53E88F28E817FD0038C064 /* MenuController.swift */; };
		2F53E89128E817FD0038C064 /* MenuController.swift in Sources */ = {isa = PBXBuildFile; fileRef = 2F53E88F28E817FD0038C064 /* MenuController.swift */; };
		2F53E89228E817FD0038C064 /* MenuController.swift in Sources */ = {isa = PBXBuildFile; fileRef = 2F53E88F28E817FD0038C064 /* MenuController.swift */; };
		2F53E89428E81B500038C064 /* UrbanAPI.swift in Sources */ = {isa = PBXBuildFile; fileRef = 2F53E89328E81B500038C064 /* UrbanAPI.swift */; };
		2F53E89628E81EF80038C064 /* RandomController.swift in Sources */ = {isa = PBXBuildFile; fileRef = 2F53E89528E81EF80038C064 /* RandomController.swift */; };
		2F53E89828E82B480038C064 /* Word.swift in Sources */ = {isa = PBXBuildFile; fileRef = 2F53E89728E82B480038C064 /* Word.swift */; };
		2F53E89A28E82B610038C064 /* Definition.swift in Sources */ = {isa = PBXBuildFile; fileRef = 2F53E89928E82B610038C064 /* Definition.swift */; };
		A1EB68A73DCD892891AB8BBA /* Pods_LePetitRobertUrbanTests.framework in Frameworks */ = {isa = PBXBuildFile; fileRef = 59D5E91CB754FF9D3F47E29E /* Pods_LePetitRobertUrbanTests.framework */; };
		B32AC5C040E18A0CF442E03B /* Pods_LePetitRobertUrban.framework in Frameworks */ = {isa = PBXBuildFile; fileRef = 30C555DEAFC2F874AC9B7334 /* Pods_LePetitRobertUrban.framework */; };
		E4002B62691E61ADF3D2CCA8 /* Pods_LePetitRobertUrban_LePetitRobertUrbanUITests.framework in Frameworks */ = {isa = PBXBuildFile; fileRef = 3C4D7DBE0795F5B0DE582301 /* Pods_LePetitRobertUrban_LePetitRobertUrbanUITests.framework */; };
/* End PBXBuildFile section */

/* Begin PBXContainerItemProxy section */
		2F53E86928E7429C0038C064 /* PBXContainerItemProxy */ = {
			isa = PBXContainerItemProxy;
			containerPortal = 2F53E84A28E742990038C064 /* Project object */;
			proxyType = 1;
			remoteGlobalIDString = 2F53E85128E742990038C064;
			remoteInfo = LePetitRobertUrban;
		};
		2F53E87328E7429C0038C064 /* PBXContainerItemProxy */ = {
			isa = PBXContainerItemProxy;
			containerPortal = 2F53E84A28E742990038C064 /* Project object */;
			proxyType = 1;
			remoteGlobalIDString = 2F53E85128E742990038C064;
			remoteInfo = LePetitRobertUrban;
		};
/* End PBXContainerItemProxy section */

/* Begin PBXFileReference section */
		2F1692FD28EEC49600F93A3B /* WordFinderController.swift */ = {isa = PBXFileReference; lastKnownFileType = sourcecode.swift; path = WordFinderController.swift; sourceTree = "<group>"; };
		2F53E85228E742990038C064 /* LePetitRobertUrban.app */ = {isa = PBXFileReference; explicitFileType = wrapper.application; includeInIndex = 0; path = LePetitRobertUrban.app; sourceTree = BUILT_PRODUCTS_DIR; };
		2F53E85528E742990038C064 /* AppDelegate.swift */ = {isa = PBXFileReference; lastKnownFileType = sourcecode.swift; path = AppDelegate.swift; sourceTree = "<group>"; };
		2F53E85728E742990038C064 /* SceneDelegate.swift */ = {isa = PBXFileReference; lastKnownFileType = sourcecode.swift; path = SceneDelegate.swift; sourceTree = "<group>"; };
		2F53E85928E742990038C064 /* ViewController.swift */ = {isa = PBXFileReference; lastKnownFileType = sourcecode.swift; path = ViewController.swift; sourceTree = "<group>"; };
		2F53E85C28E742990038C064 /* Base */ = {isa = PBXFileReference; lastKnownFileType = file.storyboard; name = Base; path = Base.lproj/Main.storyboard; sourceTree = "<group>"; };
		2F53E85E28E7429C0038C064 /* Assets.xcassets */ = {isa = PBXFileReference; lastKnownFileType = folder.assetcatalog; path = Assets.xcassets; sourceTree = "<group>"; };
		2F53E86128E7429C0038C064 /* Base */ = {isa = PBXFileReference; lastKnownFileType = file.storyboard; name = Base; path = Base.lproj/LaunchScreen.storyboard; sourceTree = "<group>"; };
		2F53E86328E7429C0038C064 /* Info.plist */ = {isa = PBXFileReference; lastKnownFileType = text.plist.xml; path = Info.plist; sourceTree = "<group>"; };
		2F53E86828E7429C0038C064 /* LePetitRobertUrbanTests.xctest */ = {isa = PBXFileReference; explicitFileType = wrapper.cfbundle; includeInIndex = 0; path = LePetitRobertUrbanTests.xctest; sourceTree = BUILT_PRODUCTS_DIR; };
		2F53E86C28E7429C0038C064 /* LePetitRobertUrbanTests.swift */ = {isa = PBXFileReference; lastKnownFileType = sourcecode.swift; path = LePetitRobertUrbanTests.swift; sourceTree = "<group>"; };
		2F53E87228E7429C0038C064 /* LePetitRobertUrbanUITests.xctest */ = {isa = PBXFileReference; explicitFileType = wrapper.cfbundle; includeInIndex = 0; path = LePetitRobertUrbanUITests.xctest; sourceTree = BUILT_PRODUCTS_DIR; };
		2F53E87628E7429C0038C064 /* LePetitRobertUrbanUITests.swift */ = {isa = PBXFileReference; lastKnownFileType = sourcecode.swift; path = LePetitRobertUrbanUITests.swift; sourceTree = "<group>"; };
		2F53E87828E7429C0038C064 /* LePetitRobertUrbanUITestsLaunchTests.swift */ = {isa = PBXFileReference; lastKnownFileType = sourcecode.swift; path = LePetitRobertUrbanUITestsLaunchTests.swift; sourceTree = "<group>"; };
		2F53E88F28E817FD0038C064 /* MenuController.swift */ = {isa = PBXFileReference; lastKnownFileType = sourcecode.swift; path = MenuController.swift; sourceTree = "<group>"; };
		2F53E89328E81B500038C064 /* UrbanAPI.swift */ = {isa = PBXFileReference; lastKnownFileType = sourcecode.swift; path = UrbanAPI.swift; sourceTree = "<group>"; };
		2F53E89528E81EF80038C064 /* RandomController.swift */ = {isa = PBXFileReference; lastKnownFileType = sourcecode.swift; path = RandomController.swift; sourceTree = "<group>"; };
		2F53E89728E82B480038C064 /* Word.swift */ = {isa = PBXFileReference; lastKnownFileType = sourcecode.swift; path = Word.swift; sourceTree = "<group>"; };
		2F53E89928E82B610038C064 /* Definition.swift */ = {isa = PBXFileReference; lastKnownFileType = sourcecode.swift; path = Definition.swift; sourceTree = "<group>"; };
		30C555DEAFC2F874AC9B7334 /* Pods_LePetitRobertUrban.framework */ = {isa = PBXFileReference; explicitFileType = wrapper.framework; includeInIndex = 0; path = Pods_LePetitRobertUrban.framework; sourceTree = BUILT_PRODUCTS_DIR; };
		3C4D7DBE0795F5B0DE582301 /* Pods_LePetitRobertUrban_LePetitRobertUrbanUITests.framework */ = {isa = PBXFileReference; explicitFileType = wrapper.framework; includeInIndex = 0; path = Pods_LePetitRobertUrban_LePetitRobertUrbanUITests.framework; sourceTree = BUILT_PRODUCTS_DIR; };
		482209D4C287DE47591B6D84 /* Pods-LePetitRobertUrbanTests.release.xcconfig */ = {isa = PBXFileReference; includeInIndex = 1; lastKnownFileType = text.xcconfig; name = "Pods-LePetitRobertUrbanTests.release.xcconfig"; path = "Target Support Files/Pods-LePetitRobertUrbanTests/Pods-LePetitRobertUrbanTests.release.xcconfig"; sourceTree = "<group>"; };
		4D0A8817876615AC9C23B9D9 /* Pods-LePetitRobertUrban.debug.xcconfig */ = {isa = PBXFileReference; includeInIndex = 1; lastKnownFileType = text.xcconfig; name = "Pods-LePetitRobertUrban.debug.xcconfig"; path = "Target Support Files/Pods-LePetitRobertUrban/Pods-LePetitRobertUrban.debug.xcconfig"; sourceTree = "<group>"; };
		59D5E91CB754FF9D3F47E29E /* Pods_LePetitRobertUrbanTests.framework */ = {isa = PBXFileReference; explicitFileType = wrapper.framework; includeInIndex = 0; path = Pods_LePetitRobertUrbanTests.framework; sourceTree = BUILT_PRODUCTS_DIR; };
		76BB0A015151162ACA5C05AD /* Pods-LePetitRobertUrban-LePetitRobertUrbanUITests.debug.xcconfig */ = {isa = PBXFileReference; includeInIndex = 1; lastKnownFileType = text.xcconfig; name = "Pods-LePetitRobertUrban-LePetitRobertUrbanUITests.debug.xcconfig"; path = "Target Support Files/Pods-LePetitRobertUrban-LePetitRobertUrbanUITests/Pods-LePetitRobertUrban-LePetitRobertUrbanUITests.debug.xcconfig"; sourceTree = "<group>"; };
		8E5C4AC7751FAC7B7E50007A /* Pods-LePetitRobertUrban-LePetitRobertUrbanUITests.release.xcconfig */ = {isa = PBXFileReference; includeInIndex = 1; lastKnownFileType = text.xcconfig; name = "Pods-LePetitRobertUrban-LePetitRobertUrbanUITests.release.xcconfig"; path = "Target Support Files/Pods-LePetitRobertUrban-LePetitRobertUrbanUITests/Pods-LePetitRobertUrban-LePetitRobertUrbanUITests.release.xcconfig"; sourceTree = "<group>"; };
		CE897DB7F25A9F38449CB936 /* Pods-LePetitRobertUrban.release.xcconfig */ = {isa = PBXFileReference; includeInIndex = 1; lastKnownFileType = text.xcconfig; name = "Pods-LePetitRobertUrban.release.xcconfig"; path = "Target Support Files/Pods-LePetitRobertUrban/Pods-LePetitRobertUrban.release.xcconfig"; sourceTree = "<group>"; };
		D0A6318CA73276650EA29FF0 /* Pods-LePetitRobertUrbanTests.debug.xcconfig */ = {isa = PBXFileReference; includeInIndex = 1; lastKnownFileType = text.xcconfig; name = "Pods-LePetitRobertUrbanTests.debug.xcconfig"; path = "Target Support Files/Pods-LePetitRobertUrbanTests/Pods-LePetitRobertUrbanTests.debug.xcconfig"; sourceTree = "<group>"; };
/* End PBXFileReference section */

/* Begin PBXFrameworksBuildPhase section */
		2F53E84F28E742990038C064 /* Frameworks */ = {
			isa = PBXFrameworksBuildPhase;
			buildActionMask = 2147483647;
			files = (
				B32AC5C040E18A0CF442E03B /* Pods_LePetitRobertUrban.framework in Frameworks */,
			);
			runOnlyForDeploymentPostprocessing = 0;
		};
		2F53E86528E7429C0038C064 /* Frameworks */ = {
			isa = PBXFrameworksBuildPhase;
			buildActionMask = 2147483647;
			files = (
				A1EB68A73DCD892891AB8BBA /* Pods_LePetitRobertUrbanTests.framework in Frameworks */,
			);
			runOnlyForDeploymentPostprocessing = 0;
		};
		2F53E86F28E7429C0038C064 /* Frameworks */ = {
			isa = PBXFrameworksBuildPhase;
			buildActionMask = 2147483647;
			files = (
				E4002B62691E61ADF3D2CCA8 /* Pods_LePetitRobertUrban_LePetitRobertUrbanUITests.framework in Frameworks */,
			);
			runOnlyForDeploymentPostprocessing = 0;
		};
/* End PBXFrameworksBuildPhase section */

/* Begin PBXGroup section */
		2F53E84928E742990038C064 = {
			isa = PBXGroup;
			children = (
				2F53E85428E742990038C064 /* LePetitRobertUrban */,
				2F53E86B28E7429C0038C064 /* LePetitRobertUrbanTests */,
				2F53E87528E7429C0038C064 /* LePetitRobertUrbanUITests */,
				2F53E85328E742990038C064 /* Products */,
				717E7F9F915FC9D724357CBE /* Pods */,
				3640CA4F40B5A16DE3C8CF48 /* Frameworks */,
			);
			sourceTree = "<group>";
		};
		2F53E85328E742990038C064 /* Products */ = {
			isa = PBXGroup;
			children = (
				2F53E85228E742990038C064 /* LePetitRobertUrban.app */,
				2F53E86828E7429C0038C064 /* LePetitRobertUrbanTests.xctest */,
				2F53E87228E7429C0038C064 /* LePetitRobertUrbanUITests.xctest */,
			);
			name = Products;
			sourceTree = "<group>";
		};
		2F53E85428E742990038C064 /* LePetitRobertUrban */ = {
			isa = PBXGroup;
			children = (
				2F53E88828E814180038C064 /* model */,
				2F53E88728E8140F0038C064 /* view */,
				2F53E88628E814040038C064 /* api */,
				2F53E88528E813FD0038C064 /* controller */,
				2F53E85528E742990038C064 /* AppDelegate.swift */,
				2F53E85728E742990038C064 /* SceneDelegate.swift */,
				2F53E85928E742990038C064 /* ViewController.swift */,
				2F53E85B28E742990038C064 /* Main.storyboard */,
				2F53E85E28E7429C0038C064 /* Assets.xcassets */,
				2F53E86028E7429C0038C064 /* LaunchScreen.storyboard */,
				2F53E86328E7429C0038C064 /* Info.plist */,
			);
			path = LePetitRobertUrban;
			sourceTree = "<group>";
		};
		2F53E86B28E7429C0038C064 /* LePetitRobertUrbanTests */ = {
			isa = PBXGroup;
			children = (
				2F53E86C28E7429C0038C064 /* LePetitRobertUrbanTests.swift */,
			);
			path = LePetitRobertUrbanTests;
			sourceTree = "<group>";
		};
		2F53E87528E7429C0038C064 /* LePetitRobertUrbanUITests */ = {
			isa = PBXGroup;
			children = (
				2F53E87628E7429C0038C064 /* LePetitRobertUrbanUITests.swift */,
				2F53E87828E7429C0038C064 /* LePetitRobertUrbanUITestsLaunchTests.swift */,
			);
			path = LePetitRobertUrbanUITests;
			sourceTree = "<group>";
		};
		2F53E88528E813FD0038C064 /* controller */ = {
			isa = PBXGroup;
			children = (
				2F53E88F28E817FD0038C064 /* MenuController.swift */,
				2F53E89528E81EF80038C064 /* RandomController.swift */,
				2F1692FD28EEC49600F93A3B /* WordFinderController.swift */,
			);
			path = controller;
			sourceTree = "<group>";
		};
		2F53E88628E814040038C064 /* api */ = {
			isa = PBXGroup;
			children = (
				2F53E89328E81B500038C064 /* UrbanAPI.swift */,
			);
			path = api;
			sourceTree = "<group>";
		};
		2F53E88728E8140F0038C064 /* view */ = {
			isa = PBXGroup;
			children = (
			);
			path = view;
			sourceTree = "<group>";
		};
		2F53E88828E814180038C064 /* model */ = {
			isa = PBXGroup;
			children = (
				2F53E89728E82B480038C064 /* Word.swift */,
				2F53E89928E82B610038C064 /* Definition.swift */,
			);
			path = model;
			sourceTree = "<group>";
		};
		3640CA4F40B5A16DE3C8CF48 /* Frameworks */ = {
			isa = PBXGroup;
			children = (
				30C555DEAFC2F874AC9B7334 /* Pods_LePetitRobertUrban.framework */,
				3C4D7DBE0795F5B0DE582301 /* Pods_LePetitRobertUrban_LePetitRobertUrbanUITests.framework */,
				59D5E91CB754FF9D3F47E29E /* Pods_LePetitRobertUrbanTests.framework */,
			);
			name = Frameworks;
			sourceTree = "<group>";
		};
		717E7F9F915FC9D724357CBE /* Pods */ = {
			isa = PBXGroup;
			children = (
				4D0A8817876615AC9C23B9D9 /* Pods-LePetitRobertUrban.debug.xcconfig */,
				CE897DB7F25A9F38449CB936 /* Pods-LePetitRobertUrban.release.xcconfig */,
				76BB0A015151162ACA5C05AD /* Pods-LePetitRobertUrban-LePetitRobertUrbanUITests.debug.xcconfig */,
				8E5C4AC7751FAC7B7E50007A /* Pods-LePetitRobertUrban-LePetitRobertUrbanUITests.release.xcconfig */,
				D0A6318CA73276650EA29FF0 /* Pods-LePetitRobertUrbanTests.debug.xcconfig */,
				482209D4C287DE47591B6D84 /* Pods-LePetitRobertUrbanTests.release.xcconfig */,
			);
			path = Pods;
			sourceTree = "<group>";
		};
/* End PBXGroup section */

/* Begin PBXNativeTarget section */
		2F53E85128E742990038C064 /* LePetitRobertUrban */ = {
			isa = PBXNativeTarget;
			buildConfigurationList = 2F53E87C28E7429C0038C064 /* Build configuration list for PBXNativeTarget "LePetitRobertUrban" */;
			buildPhases = (
				4D888B88B67496C18D6304EB /* [CP] Check Pods Manifest.lock */,
				2F53E84E28E742990038C064 /* Sources */,
				2F53E84F28E742990038C064 /* Frameworks */,
				2F53E85028E742990038C064 /* Resources */,
				06B06573CE55E1724F8B6B6E /* [CP] Embed Pods Frameworks */,
			);
			buildRules = (
			);
			dependencies = (
			);
			name = LePetitRobertUrban;
			productName = LePetitRobertUrban;
			productReference = 2F53E85228E742990038C064 /* LePetitRobertUrban.app */;
			productType = "com.apple.product-type.application";
		};
		2F53E86728E7429C0038C064 /* LePetitRobertUrbanTests */ = {
			isa = PBXNativeTarget;
			buildConfigurationList = 2F53E87F28E7429C0038C064 /* Build configuration list for PBXNativeTarget "LePetitRobertUrbanTests" */;
			buildPhases = (
				BEBF6459A061DC06C9B1A6D6 /* [CP] Check Pods Manifest.lock */,
				2F53E86428E7429C0038C064 /* Sources */,
				2F53E86528E7429C0038C064 /* Frameworks */,
				2F53E86628E7429C0038C064 /* Resources */,
			);
			buildRules = (
			);
			dependencies = (
				2F53E86A28E7429C0038C064 /* PBXTargetDependency */,
			);
			name = LePetitRobertUrbanTests;
			productName = LePetitRobertUrbanTests;
			productReference = 2F53E86828E7429C0038C064 /* LePetitRobertUrbanTests.xctest */;
			productType = "com.apple.product-type.bundle.unit-test";
		};
		2F53E87128E7429C0038C064 /* LePetitRobertUrbanUITests */ = {
			isa = PBXNativeTarget;
			buildConfigurationList = 2F53E88228E7429C0038C064 /* Build configuration list for PBXNativeTarget "LePetitRobertUrbanUITests" */;
			buildPhases = (
				778B308C3FF23C188EE68BD0 /* [CP] Check Pods Manifest.lock */,
				2F53E86E28E7429C0038C064 /* Sources */,
				2F53E86F28E7429C0038C064 /* Frameworks */,
				2F53E87028E7429C0038C064 /* Resources */,
				4038FA110DC6F624B1E5CD78 /* [CP] Embed Pods Frameworks */,
			);
			buildRules = (
			);
			dependencies = (
				2F53E87428E7429C0038C064 /* PBXTargetDependency */,
			);
			name = LePetitRobertUrbanUITests;
			productName = LePetitRobertUrbanUITests;
			productReference = 2F53E87228E7429C0038C064 /* LePetitRobertUrbanUITests.xctest */;
			productType = "com.apple.product-type.bundle.ui-testing";
		};
/* End PBXNativeTarget section */

/* Begin PBXProject section */
		2F53E84A28E742990038C064 /* Project object */ = {
			isa = PBXProject;
			attributes = {
				BuildIndependentTargetsInParallel = 1;
				LastSwiftUpdateCheck = 1310;
				LastUpgradeCheck = 1310;
				TargetAttributes = {
					2F53E85128E742990038C064 = {
						CreatedOnToolsVersion = 13.1;
					};
					2F53E86728E7429C0038C064 = {
						CreatedOnToolsVersion = 13.1;
						TestTargetID = 2F53E85128E742990038C064;
					};
					2F53E87128E7429C0038C064 = {
						CreatedOnToolsVersion = 13.1;
						TestTargetID = 2F53E85128E742990038C064;
					};
				};
			};
			buildConfigurationList = 2F53E84D28E742990038C064 /* Build configuration list for PBXProject "LePetitRobertUrban" */;
			compatibilityVersion = "Xcode 13.0";
			developmentRegion = en;
			hasScannedForEncodings = 0;
			knownRegions = (
				en,
				Base,
			);
			mainGroup = 2F53E84928E742990038C064;
			productRefGroup = 2F53E85328E742990038C064 /* Products */;
			projectDirPath = "";
			projectRoot = "";
			targets = (
				2F53E85128E742990038C064 /* LePetitRobertUrban */,
				2F53E86728E7429C0038C064 /* LePetitRobertUrbanTests */,
				2F53E87128E7429C0038C064 /* LePetitRobertUrbanUITests */,
			);
		};
/* End PBXProject section */

/* Begin PBXResourcesBuildPhase section */
		2F53E85028E742990038C064 /* Resources */ = {
			isa = PBXResourcesBuildPhase;
			buildActionMask = 2147483647;
			files = (
				2F53E86228E7429C0038C064 /* LaunchScreen.storyboard in Resources */,
				2F53E85F28E7429C0038C064 /* Assets.xcassets in Resources */,
				2F53E85D28E742990038C064 /* Main.storyboard in Resources */,
			);
			runOnlyForDeploymentPostprocessing = 0;
		};
		2F53E86628E7429C0038C064 /* Resources */ = {
			isa = PBXResourcesBuildPhase;
			buildActionMask = 2147483647;
			files = (
			);
			runOnlyForDeploymentPostprocessing = 0;
		};
		2F53E87028E7429C0038C064 /* Resources */ = {
			isa = PBXResourcesBuildPhase;
			buildActionMask = 2147483647;
			files = (
			);
			runOnlyForDeploymentPostprocessing = 0;
		};
/* End PBXResourcesBuildPhase section */

/* Begin PBXShellScriptBuildPhase section */
		06B06573CE55E1724F8B6B6E /* [CP] Embed Pods Frameworks */ = {
			isa = PBXShellScriptBuildPhase;
			buildActionMask = 2147483647;
			files = (
			);
			inputFileListPaths = (
				"${PODS_ROOT}/Target Support Files/Pods-LePetitRobertUrban/Pods-LePetitRobertUrban-frameworks-${CONFIGURATION}-input-files.xcfilelist",
			);
			name = "[CP] Embed Pods Frameworks";
			outputFileListPaths = (
				"${PODS_ROOT}/Target Support Files/Pods-LePetitRobertUrban/Pods-LePetitRobertUrban-frameworks-${CONFIGURATION}-output-files.xcfilelist",
			);
			runOnlyForDeploymentPostprocessing = 0;
			shellPath = /bin/sh;
			shellScript = "\"${PODS_ROOT}/Target Support Files/Pods-LePetitRobertUrban/Pods-LePetitRobertUrban-frameworks.sh\"\n";
			showEnvVarsInLog = 0;
		};
		4038FA110DC6F624B1E5CD78 /* [CP] Embed Pods Frameworks */ = {
			isa = PBXShellScriptBuildPhase;
			buildActionMask = 2147483647;
			files = (
			);
			inputFileListPaths = (
				"${PODS_ROOT}/Target Support Files/Pods-LePetitRobertUrban-LePetitRobertUrbanUITests/Pods-LePetitRobertUrban-LePetitRobertUrbanUITests-frameworks-${CONFIGURATION}-input-files.xcfilelist",
			);
			name = "[CP] Embed Pods Frameworks";
			outputFileListPaths = (
				"${PODS_ROOT}/Target Support Files/Pods-LePetitRobertUrban-LePetitRobertUrbanUITests/Pods-LePetitRobertUrban-LePetitRobertUrbanUITests-frameworks-${CONFIGURATION}-output-files.xcfilelist",
			);
			runOnlyForDeploymentPostprocessing = 0;
			shellPath = /bin/sh;
			shellScript = "\"${PODS_ROOT}/Target Support Files/Pods-LePetitRobertUrban-LePetitRobertUrbanUITests/Pods-LePetitRobertUrban-LePetitRobertUrbanUITests-frameworks.sh\"\n";
			showEnvVarsInLog = 0;
		};
		4D888B88B67496C18D6304EB /* [CP] Check Pods Manifest.lock */ = {
			isa = PBXShellScriptBuildPhase;
			buildActionMask = 2147483647;
			files = (
			);
			inputFileListPaths = (
			);
			inputPaths = (
				"${PODS_PODFILE_DIR_PATH}/Podfile.lock",
				"${PODS_ROOT}/Manifest.lock",
			);
			name = "[CP] Check Pods Manifest.lock";
			outputFileListPaths = (
			);
			outputPaths = (
				"$(DERIVED_FILE_DIR)/Pods-LePetitRobertUrban-checkManifestLockResult.txt",
			);
			runOnlyForDeploymentPostprocessing = 0;
			shellPath = /bin/sh;
			shellScript = "diff \"${PODS_PODFILE_DIR_PATH}/Podfile.lock\" \"${PODS_ROOT}/Manifest.lock\" > /dev/null\nif [ $? != 0 ] ; then\n    # print error to STDERR\n    echo \"error: The sandbox is not in sync with the Podfile.lock. Run 'pod install' or update your CocoaPods installation.\" >&2\n    exit 1\nfi\n# This output is used by Xcode 'outputs' to avoid re-running this script phase.\necho \"SUCCESS\" > \"${SCRIPT_OUTPUT_FILE_0}\"\n";
			showEnvVarsInLog = 0;
		};
		778B308C3FF23C188EE68BD0 /* [CP] Check Pods Manifest.lock */ = {
			isa = PBXShellScriptBuildPhase;
			buildActionMask = 2147483647;
			files = (
			);
			inputFileListPaths = (
			);
			inputPaths = (
				"${PODS_PODFILE_DIR_PATH}/Podfile.lock",
				"${PODS_ROOT}/Manifest.lock",
			);
			name = "[CP] Check Pods Manifest.lock";
			outputFileListPaths = (
			);
			outputPaths = (
				"$(DERIVED_FILE_DIR)/Pods-LePetitRobertUrban-LePetitRobertUrbanUITests-checkManifestLockResult.txt",
			);
			runOnlyForDeploymentPostprocessing = 0;
			shellPath = /bin/sh;
			shellScript = "diff \"${PODS_PODFILE_DIR_PATH}/Podfile.lock\" \"${PODS_ROOT}/Manifest.lock\" > /dev/null\nif [ $? != 0 ] ; then\n    # print error to STDERR\n    echo \"error: The sandbox is not in sync with the Podfile.lock. Run 'pod install' or update your CocoaPods installation.\" >&2\n    exit 1\nfi\n# This output is used by Xcode 'outputs' to avoid re-running this script phase.\necho \"SUCCESS\" > \"${SCRIPT_OUTPUT_FILE_0}\"\n";
			showEnvVarsInLog = 0;
		};
		BEBF6459A061DC06C9B1A6D6 /* [CP] Check Pods Manifest.lock */ = {
			isa = PBXShellScriptBuildPhase;
			buildActionMask = 2147483647;
			files = (
			);
			inputFileListPaths = (
			);
			inputPaths = (
				"${PODS_PODFILE_DIR_PATH}/Podfile.lock",
				"${PODS_ROOT}/Manifest.lock",
			);
			name = "[CP] Check Pods Manifest.lock";
			outputFileListPaths = (
			);
			outputPaths = (
				"$(DERIVED_FILE_DIR)/Pods-LePetitRobertUrbanTests-checkManifestLockResult.txt",
			);
			runOnlyForDeploymentPostprocessing = 0;
			shellPath = /bin/sh;
			shellScript = "diff \"${PODS_PODFILE_DIR_PATH}/Podfile.lock\" \"${PODS_ROOT}/Manifest.lock\" > /dev/null\nif [ $? != 0 ] ; then\n    # print error to STDERR\n    echo \"error: The sandbox is not in sync with the Podfile.lock. Run 'pod install' or update your CocoaPods installation.\" >&2\n    exit 1\nfi\n# This output is used by Xcode 'outputs' to avoid re-running this script phase.\necho \"SUCCESS\" > \"${SCRIPT_OUTPUT_FILE_0}\"\n";
			showEnvVarsInLog = 0;
		};
/* End PBXShellScriptBuildPhase section */

/* Begin PBXSourcesBuildPhase section */
		2F53E84E28E742990038C064 /* Sources */ = {
			isa = PBXSourcesBuildPhase;
			buildActionMask = 2147483647;
			files = (
				2F53E89628E81EF80038C064 /* RandomController.swift in Sources */,
				2F53E89828E82B480038C064 /* Word.swift in Sources */,
				2F53E89428E81B500038C064 /* UrbanAPI.swift in Sources */,
				2F1692FE28EEC49600F93A3B /* WordFinderController.swift in Sources */,
				2F53E89028E817FD0038C064 /* MenuController.swift in Sources */,
				2F53E89A28E82B610038C064 /* Definition.swift in Sources */,
				2F53E85A28E742990038C064 /* ViewController.swift in Sources */,
				2F53E85628E742990038C064 /* AppDelegate.swift in Sources */,
				2F53E85828E742990038C064 /* SceneDelegate.swift in Sources */,
			);
			runOnlyForDeploymentPostprocessing = 0;
		};
		2F53E86428E7429C0038C064 /* Sources */ = {
			isa = PBXSourcesBuildPhase;
			buildActionMask = 2147483647;
			files = (
				2F53E89128E817FD0038C064 /* MenuController.swift in Sources */,
				2F53E86D28E7429C0038C064 /* LePetitRobertUrbanTests.swift in Sources */,
			);
			runOnlyForDeploymentPostprocessing = 0;
		};
		2F53E86E28E7429C0038C064 /* Sources */ = {
			isa = PBXSourcesBuildPhase;
			buildActionMask = 2147483647;
			files = (
				2F53E87728E7429C0038C064 /* LePetitRobertUrbanUITests.swift in Sources */,
				2F53E89228E817FD0038C064 /* MenuController.swift in Sources */,
				2F53E87928E7429C0038C064 /* LePetitRobertUrbanUITestsLaunchTests.swift in Sources */,
			);
			runOnlyForDeploymentPostprocessing = 0;
		};
/* End PBXSourcesBuildPhase section */

/* Begin PBXTargetDependency section */
		2F53E86A28E7429C0038C064 /* PBXTargetDependency */ = {
			isa = PBXTargetDependency;
			target = 2F53E85128E742990038C064 /* LePetitRobertUrban */;
			targetProxy = 2F53E86928E7429C0038C064 /* PBXContainerItemProxy */;
		};
		2F53E87428E7429C0038C064 /* PBXTargetDependency */ = {
			isa = PBXTargetDependency;
			target = 2F53E85128E742990038C064 /* LePetitRobertUrban */;
			targetProxy = 2F53E87328E7429C0038C064 /* PBXContainerItemProxy */;
		};
/* End PBXTargetDependency section */

/* Begin PBXVariantGroup section */
		2F53E85B28E742990038C064 /* Main.storyboard */ = {
			isa = PBXVariantGroup;
			children = (
				2F53E85C28E742990038C064 /* Base */,
			);
			name = Main.storyboard;
			sourceTree = "<group>";
		};
		2F53E86028E7429C0038C064 /* LaunchScreen.storyboard */ = {
			isa = PBXVariantGroup;
			children = (
				2F53E86128E7429C0038C064 /* Base */,
			);
			name = LaunchScreen.storyboard;
			sourceTree = "<group>";
		};
/* End PBXVariantGroup section */

/* Begin XCBuildConfiguration section */
		2F53E87A28E7429C0038C064 /* Debug */ = {
			isa = XCBuildConfiguration;
			buildSettings = {
				ALWAYS_SEARCH_USER_PATHS = NO;
				CLANG_ANALYZER_NONNULL = YES;
				CLANG_ANALYZER_NUMBER_OBJECT_CONVERSION = YES_AGGRESSIVE;
				CLANG_CXX_LANGUAGE_STANDARD = "gnu++17";
				CLANG_CXX_LIBRARY = "libc++";
				CLANG_ENABLE_MODULES = YES;
				CLANG_ENABLE_OBJC_ARC = YES;
				CLANG_ENABLE_OBJC_WEAK = YES;
				CLANG_WARN_BLOCK_CAPTURE_AUTORELEASING = YES;
				CLANG_WARN_BOOL_CONVERSION = YES;
				CLANG_WARN_COMMA = YES;
				CLANG_WARN_CONSTANT_CONVERSION = YES;
				CLANG_WARN_DEPRECATED_OBJC_IMPLEMENTATIONS = YES;
				CLANG_WARN_DIRECT_OBJC_ISA_USAGE = YES_ERROR;
				CLANG_WARN_DOCUMENTATION_COMMENTS = YES;
				CLANG_WARN_EMPTY_BODY = YES;
				CLANG_WARN_ENUM_CONVERSION = YES;
				CLANG_WARN_INFINITE_RECURSION = YES;
				CLANG_WARN_INT_CONVERSION = YES;
				CLANG_WARN_NON_LITERAL_NULL_CONVERSION = YES;
				CLANG_WARN_OBJC_IMPLICIT_RETAIN_SELF = YES;
				CLANG_WARN_OBJC_LITERAL_CONVERSION = YES;
				CLANG_WARN_OBJC_ROOT_CLASS = YES_ERROR;
				CLANG_WARN_QUOTED_INCLUDE_IN_FRAMEWORK_HEADER = YES;
				CLANG_WARN_RANGE_LOOP_ANALYSIS = YES;
				CLANG_WARN_STRICT_PROTOTYPES = YES;
				CLANG_WARN_SUSPICIOUS_MOVE = YES;
				CLANG_WARN_UNGUARDED_AVAILABILITY = YES_AGGRESSIVE;
				CLANG_WARN_UNREACHABLE_CODE = YES;
				CLANG_WARN__DUPLICATE_METHOD_MATCH = YES;
				COPY_PHASE_STRIP = NO;
				DEBUG_INFORMATION_FORMAT = dwarf;
				ENABLE_STRICT_OBJC_MSGSEND = YES;
				ENABLE_TESTABILITY = YES;
				GCC_C_LANGUAGE_STANDARD = gnu11;
				GCC_DYNAMIC_NO_PIC = NO;
				GCC_NO_COMMON_BLOCKS = YES;
				GCC_OPTIMIZATION_LEVEL = 0;
				GCC_PREPROCESSOR_DEFINITIONS = (
					"DEBUG=1",
					"$(inherited)",
				);
				GCC_WARN_64_TO_32_BIT_CONVERSION = YES;
				GCC_WARN_ABOUT_RETURN_TYPE = YES_ERROR;
				GCC_WARN_UNDECLARED_SELECTOR = YES;
				GCC_WARN_UNINITIALIZED_AUTOS = YES_AGGRESSIVE;
				GCC_WARN_UNUSED_FUNCTION = YES;
				GCC_WARN_UNUSED_VARIABLE = YES;
				IPHONEOS_DEPLOYMENT_TARGET = 15.0;
				MTL_ENABLE_DEBUG_INFO = INCLUDE_SOURCE;
				MTL_FAST_MATH = YES;
				ONLY_ACTIVE_ARCH = YES;
				SDKROOT = iphoneos;
				SWIFT_ACTIVE_COMPILATION_CONDITIONS = DEBUG;
				SWIFT_OPTIMIZATION_LEVEL = "-Onone";
			};
			name = Debug;
		};
		2F53E87B28E7429C0038C064 /* Release */ = {
			isa = XCBuildConfiguration;
			buildSettings = {
				ALWAYS_SEARCH_USER_PATHS = NO;
				CLANG_ANALYZER_NONNULL = YES;
				CLANG_ANALYZER_NUMBER_OBJECT_CONVERSION = YES_AGGRESSIVE;
				CLANG_CXX_LANGUAGE_STANDARD = "gnu++17";
				CLANG_CXX_LIBRARY = "libc++";
				CLANG_ENABLE_MODULES = YES;
				CLANG_ENABLE_OBJC_ARC = YES;
				CLANG_ENABLE_OBJC_WEAK = YES;
				CLANG_WARN_BLOCK_CAPTURE_AUTORELEASING = YES;
				CLANG_WARN_BOOL_CONVERSION = YES;
				CLANG_WARN_COMMA = YES;
				CLANG_WARN_CONSTANT_CONVERSION = YES;
				CLANG_WARN_DEPRECATED_OBJC_IMPLEMENTATIONS = YES;
				CLANG_WARN_DIRECT_OBJC_ISA_USAGE = YES_ERROR;
				CLANG_WARN_DOCUMENTATION_COMMENTS = YES;
				CLANG_WARN_EMPTY_BODY = YES;
				CLANG_WARN_ENUM_CONVERSION = YES;
				CLANG_WARN_INFINITE_RECURSION = YES;
				CLANG_WARN_INT_CONVERSION = YES;
				CLANG_WARN_NON_LITERAL_NULL_CONVERSION = YES;
				CLANG_WARN_OBJC_IMPLICIT_RETAIN_SELF = YES;
				CLANG_WARN_OBJC_LITERAL_CONVERSION = YES;
				CLANG_WARN_OBJC_ROOT_CLASS = YES_ERROR;
				CLANG_WARN_QUOTED_INCLUDE_IN_FRAMEWORK_HEADER = YES;
				CLANG_WARN_RANGE_LOOP_ANALYSIS = YES;
				CLANG_WARN_STRICT_PROTOTYPES = YES;
				CLANG_WARN_SUSPICIOUS_MOVE = YES;
				CLANG_WARN_UNGUARDED_AVAILABILITY = YES_AGGRESSIVE;
				CLANG_WARN_UNREACHABLE_CODE = YES;
				CLANG_WARN__DUPLICATE_METHOD_MATCH = YES;
				COPY_PHASE_STRIP = NO;
				DEBUG_INFORMATION_FORMAT = "dwarf-with-dsym";
				ENABLE_NS_ASSERTIONS = NO;
				ENABLE_STRICT_OBJC_MSGSEND = YES;
				GCC_C_LANGUAGE_STANDARD = gnu11;
				GCC_NO_COMMON_BLOCKS = YES;
				GCC_WARN_64_TO_32_BIT_CONVERSION = YES;
				GCC_WARN_ABOUT_RETURN_TYPE = YES_ERROR;
				GCC_WARN_UNDECLARED_SELECTOR = YES;
				GCC_WARN_UNINITIALIZED_AUTOS = YES_AGGRESSIVE;
				GCC_WARN_UNUSED_FUNCTION = YES;
				GCC_WARN_UNUSED_VARIABLE = YES;
				IPHONEOS_DEPLOYMENT_TARGET = 15.0;
				MTL_ENABLE_DEBUG_INFO = NO;
				MTL_FAST_MATH = YES;
				SDKROOT = iphoneos;
				SWIFT_COMPILATION_MODE = wholemodule;
				SWIFT_OPTIMIZATION_LEVEL = "-O";
				VALIDATE_PRODUCT = YES;
			};
			name = Release;
		};
		2F53E87D28E7429C0038C064 /* Debug */ = {
			isa = XCBuildConfiguration;
			baseConfigurationReference = 4D0A8817876615AC9C23B9D9 /* Pods-LePetitRobertUrban.debug.xcconfig */;
			buildSettings = {
				ASSETCATALOG_COMPILER_APPICON_NAME = AppIcon;
				ASSETCATALOG_COMPILER_GLOBAL_ACCENT_COLOR_NAME = AccentColor;
				CODE_SIGN_STYLE = Automatic;
				CURRENT_PROJECT_VERSION = 1;
				GENERATE_INFOPLIST_FILE = YES;
				INFOPLIST_FILE = LePetitRobertUrban/Info.plist;
				INFOPLIST_KEY_UIApplicationSupportsIndirectInputEvents = YES;
				INFOPLIST_KEY_UILaunchStoryboardName = LaunchScreen;
				INFOPLIST_KEY_UIMainStoryboardFile = Main;
				INFOPLIST_KEY_UISupportedInterfaceOrientations_iPad = "UIInterfaceOrientationPortrait UIInterfaceOrientationPortraitUpsideDown UIInterfaceOrientationLandscapeLeft UIInterfaceOrientationLandscapeRight";
				INFOPLIST_KEY_UISupportedInterfaceOrientations_iPhone = "UIInterfaceOrientationPortrait UIInterfaceOrientationLandscapeLeft UIInterfaceOrientationLandscapeRight";
				LD_RUNPATH_SEARCH_PATHS = (
					"$(inherited)",
					"@executable_path/Frameworks",
				);
				MARKETING_VERSION = 1.0;
				PRODUCT_BUNDLE_IDENTIFIER = com.iutsd.LePetitRobertUrban;
				PRODUCT_NAME = "$(TARGET_NAME)";
				SWIFT_EMIT_LOC_STRINGS = YES;
				SWIFT_VERSION = 5.0;
				TARGETED_DEVICE_FAMILY = "1,2";
			};
			name = Debug;
		};
		2F53E87E28E7429C0038C064 /* Release */ = {
			isa = XCBuildConfiguration;
			baseConfigurationReference = CE897DB7F25A9F38449CB936 /* Pods-LePetitRobertUrban.release.xcconfig */;
			buildSettings = {
				ASSETCATALOG_COMPILER_APPICON_NAME = AppIcon;
				ASSETCATALOG_COMPILER_GLOBAL_ACCENT_COLOR_NAME = AccentColor;
				CODE_SIGN_STYLE = Automatic;
				CURRENT_PROJECT_VERSION = 1;
				GENERATE_INFOPLIST_FILE = YES;
				INFOPLIST_FILE = LePetitRobertUrban/Info.plist;
				INFOPLIST_KEY_UIApplicationSupportsIndirectInputEvents = YES;
				INFOPLIST_KEY_UILaunchStoryboardName = LaunchScreen;
				INFOPLIST_KEY_UIMainStoryboardFile = Main;
				INFOPLIST_KEY_UISupportedInterfaceOrientations_iPad = "UIInterfaceOrientationPortrait UIInterfaceOrientationPortraitUpsideDown UIInterfaceOrientationLandscapeLeft UIInterfaceOrientationLandscapeRight";
				INFOPLIST_KEY_UISupportedInterfaceOrientations_iPhone = "UIInterfaceOrientationPortrait UIInterfaceOrientationLandscapeLeft UIInterfaceOrientationLandscapeRight";
				LD_RUNPATH_SEARCH_PATHS = (
					"$(inherited)",
					"@executable_path/Frameworks",
				);
				MARKETING_VERSION = 1.0;
				PRODUCT_BUNDLE_IDENTIFIER = com.iutsd.LePetitRobertUrban;
				PRODUCT_NAME = "$(TARGET_NAME)";
				SWIFT_EMIT_LOC_STRINGS = YES;
				SWIFT_VERSION = 5.0;
				TARGETED_DEVICE_FAMILY = "1,2";
			};
			name = Release;
		};
		2F53E88028E7429C0038C064 /* Debug */ = {
			isa = XCBuildConfiguration;
			baseConfigurationReference = D0A6318CA73276650EA29FF0 /* Pods-LePetitRobertUrbanTests.debug.xcconfig */;
			buildSettings = {
				ALWAYS_EMBED_SWIFT_STANDARD_LIBRARIES = YES;
				BUNDLE_LOADER = "$(TEST_HOST)";
				CODE_SIGN_STYLE = Automatic;
				CURRENT_PROJECT_VERSION = 1;
				GENERATE_INFOPLIST_FILE = YES;
				IPHONEOS_DEPLOYMENT_TARGET = 15.0;
				LD_RUNPATH_SEARCH_PATHS = (
					"$(inherited)",
					"@executable_path/Frameworks",
					"@loader_path/Frameworks",
				);
				MARKETING_VERSION = 1.0;
				PRODUCT_BUNDLE_IDENTIFIER = com.iutsd.LePetitRobertUrbanTests;
				PRODUCT_NAME = "$(TARGET_NAME)";
				SWIFT_EMIT_LOC_STRINGS = NO;
				SWIFT_VERSION = 5.0;
				TARGETED_DEVICE_FAMILY = "1,2";
				TEST_HOST = "$(BUILT_PRODUCTS_DIR)/LePetitRobertUrban.app/LePetitRobertUrban";
			};
			name = Debug;
		};
		2F53E88128E7429C0038C064 /* Release */ = {
			isa = XCBuildConfiguration;
			baseConfigurationReference = 482209D4C287DE47591B6D84 /* Pods-LePetitRobertUrbanTests.release.xcconfig */;
			buildSettings = {
				ALWAYS_EMBED_SWIFT_STANDARD_LIBRARIES = YES;
				BUNDLE_LOADER = "$(TEST_HOST)";
				CODE_SIGN_STYLE = Automatic;
				CURRENT_PROJECT_VERSION = 1;
				GENERATE_INFOPLIST_FILE = YES;
				IPHONEOS_DEPLOYMENT_TARGET = 15.0;
				LD_RUNPATH_SEARCH_PATHS = (
					"$(inherited)",
					"@executable_path/Frameworks",
					"@loader_path/Frameworks",
				);
				MARKETING_VERSION = 1.0;
				PRODUCT_BUNDLE_IDENTIFIER = com.iutsd.LePetitRobertUrbanTests;
				PRODUCT_NAME = "$(TARGET_NAME)";
				SWIFT_EMIT_LOC_STRINGS = NO;
				SWIFT_VERSION = 5.0;
				TARGETED_DEVICE_FAMILY = "1,2";
				TEST_HOST = "$(BUILT_PRODUCTS_DIR)/LePetitRobertUrban.app/LePetitRobertUrban";
			};
			name = Release;
		};
		2F53E88328E7429C0038C064 /* Debug */ = {
			isa = XCBuildConfiguration;
			baseConfigurationReference = 76BB0A015151162ACA5C05AD /* Pods-LePetitRobertUrban-LePetitRobertUrbanUITests.debug.xcconfig */;
			buildSettings = {
				ALWAYS_EMBED_SWIFT_STANDARD_LIBRARIES = YES;
				CODE_SIGN_STYLE = Automatic;
				CURRENT_PROJECT_VERSION = 1;
				GENERATE_INFOPLIST_FILE = YES;
				LD_RUNPATH_SEARCH_PATHS = (
					"$(inherited)",
					"@executable_path/Frameworks",
					"@loader_path/Frameworks",
				);
				MARKETING_VERSION = 1.0;
				PRODUCT_BUNDLE_IDENTIFIER = com.iutsd.LePetitRobertUrbanUITests;
				PRODUCT_NAME = "$(TARGET_NAME)";
				SWIFT_EMIT_LOC_STRINGS = NO;
				SWIFT_VERSION = 5.0;
				TARGETED_DEVICE_FAMILY = "1,2";
				TEST_TARGET_NAME = LePetitRobertUrban;
			};
			name = Debug;
		};
		2F53E88428E7429C0038C064 /* Release */ = {
			isa = XCBuildConfiguration;
			baseConfigurationReference = 8E5C4AC7751FAC7B7E50007A /* Pods-LePetitRobertUrban-LePetitRobertUrbanUITests.release.xcconfig */;
			buildSettings = {
				ALWAYS_EMBED_SWIFT_STANDARD_LIBRARIES = YES;
				CODE_SIGN_STYLE = Automatic;
				CURRENT_PROJECT_VERSION = 1;
				GENERATE_INFOPLIST_FILE = YES;
				LD_RUNPATH_SEARCH_PATHS = (
					"$(inherited)",
					"@executable_path/Frameworks",
					"@loader_path/Frameworks",
				);
				MARKETING_VERSION = 1.0;
				PRODUCT_BUNDLE_IDENTIFIER = com.iutsd.LePetitRobertUrbanUITests;
				PRODUCT_NAME = "$(TARGET_NAME)";
				SWIFT_EMIT_LOC_STRINGS = NO;
				SWIFT_VERSION = 5.0;
				TARGETED_DEVICE_FAMILY = "1,2";
				TEST_TARGET_NAME = LePetitRobertUrban;
			};
			name = Release;
		};
/* End XCBuildConfiguration section */

/* Begin XCConfigurationList section */
		2F53E84D28E742990038C064 /* Build configuration list for PBXProject "LePetitRobertUrban" */ = {
			isa = XCConfigurationList;
			buildConfigurations = (
				2F53E87A28E7429C0038C064 /* Debug */,
				2F53E87B28E7429C0038C064 /* Release */,
			);
			defaultConfigurationIsVisible = 0;
			defaultConfigurationName = Release;
		};
		2F53E87C28E7429C0038C064 /* Build configuration list for PBXNativeTarget "LePetitRobertUrban" */ = {
			isa = XCConfigurationList;
			buildConfigurations = (
				2F53E87D28E7429C0038C064 /* Debug */,
				2F53E87E28E7429C0038C064 /* Release */,
			);
			defaultConfigurationIsVisible = 0;
			defaultConfigurationName = Release;
		};
		2F53E87F28E7429C0038C064 /* Build configuration list for PBXNativeTarget "LePetitRobertUrbanTests" */ = {
			isa = XCConfigurationList;
			buildConfigurations = (
				2F53E88028E7429C0038C064 /* Debug */,
				2F53E88128E7429C0038C064 /* Release */,
			);
			defaultConfigurationIsVisible = 0;
			defaultConfigurationName = Release;
		};
		2F53E88228E7429C0038C064 /* Build configuration list for PBXNativeTarget "LePetitRobertUrbanUITests" */ = {
			isa = XCConfigurationList;
			buildConfigurations = (
				2F53E88328E7429C0038C064 /* Debug */,
				2F53E88428E7429C0038C064 /* Release */,
			);
			defaultConfigurationIsVisible = 0;
			defaultConfigurationName = Release;
		};
/* End XCConfigurationList section */
	};
	rootObject = 2F53E84A28E742990038C064 /* Project object */;
}
